
Microsoft Visual Studio Solution File, Format Version 12.00
Project("{FAE04EC0-301F-11D3-BF4B-00C04F79EFBC}") = "Decorator", "Decorator\Decorator.csproj", "{61A18A26-E7FE-4071-A564-7FD1CFC21393}"
EndProject
Global
	GlobalSection(SolutionConfigurationPlatforms) = preSolution
		Debug|Any CPU = Debug|Any CPU
		Release|Any CPU = Release|Any CPU
	EndGlobalSection
	GlobalSection(ProjectConfigurationPlatforms) = postSolution
		{61A18A26-E7FE-4071-A564-7FD1CFC21393}.Debug|Any CPU.ActiveCfg = Debug|Any CPU
		{61A18A26-E7FE-4071-A564-7FD1CFC21393}.Debug|Any CPU.Build.0 = Debug|Any CPU
		{61A18A26-E7FE-4071-A564-7FD1CFC21393}.Release|Any CPU.ActiveCfg = Release|Any CPU
		{61A18A26-E7FE-4071-A564-7FD1CFC21393}.Release|Any CPU.Build.0 = Release|Any CPU
	EndGlobalSection
EndGlobal
