
Microsoft Visual Studio Solution File, Format Version 12.00
Project("{FAE04EC0-301F-11D3-BF4B-00C04F79EFBC}") = "Visitor", "Visitor\Visitor.csproj", "{EBEC09E4-CCD3-4655-A254-2B5259E63378}"
EndProject
Global
	GlobalSection(SolutionConfigurationPlatforms) = preSolution
		Debug|Any CPU = Debug|Any CPU
		Release|Any CPU = Release|Any CPU
	EndGlobalSection
	GlobalSection(ProjectConfigurationPlatforms) = postSolution
		{EBEC09E4-CCD3-4655-A254-2B5259E63378}.Debug|Any CPU.ActiveCfg = Debug|Any CPU
		{EBEC09E4-CCD3-4655-A254-2B5259E63378}.Debug|Any CPU.Build.0 = Debug|Any CPU
		{EBEC09E4-CCD3-4655-A254-2B5259E63378}.Release|Any CPU.ActiveCfg = Release|Any CPU
		{EBEC09E4-CCD3-4655-A254-2B5259E63378}.Release|Any CPU.Build.0 = Release|Any CPU
	EndGlobalSection
EndGlobal
