
Microsoft Visual Studio Solution File, Format Version 12.00
Project("{FAE04EC0-301F-11D3-BF4B-00C04F79EFBC}") = "CoR", "CoR\CoR.csproj", "{CE46744E-D73C-45F1-9C9F-B9ED4BB2EB3D}"
EndProject
Global
	GlobalSection(SolutionConfigurationPlatforms) = preSolution
		Debug|Any CPU = Debug|Any CPU
		Release|Any CPU = Release|Any CPU
	EndGlobalSection
	GlobalSection(ProjectConfigurationPlatforms) = postSolution
		{CE46744E-D73C-45F1-9C9F-B9ED4BB2EB3D}.Debug|Any CPU.ActiveCfg = Debug|Any CPU
		{CE46744E-D73C-45F1-9C9F-B9ED4BB2EB3D}.Debug|Any CPU.Build.0 = Debug|Any CPU
		{CE46744E-D73C-45F1-9C9F-B9ED4BB2EB3D}.Release|Any CPU.ActiveCfg = Release|Any CPU
		{CE46744E-D73C-45F1-9C9F-B9ED4BB2EB3D}.Release|Any CPU.Build.0 = Release|Any CPU
	EndGlobalSection
EndGlobal
